
Microsoft Visual Studio Solution File, Format Version 12.00
# Visual Studio Version 17
VisualStudioVersion = 17.8.34330.188
MinimumVisualStudioVersion = 10.0.40219.1
Project("{FAE04EC0-301F-11D3-BF4B-00C04F79EFBC}") = "InMemory.Caching", "InMemory.Caching.csproj", "{75188E02-146A-400B-93CE-59FE216FE16F}"
EndProject
Global
	GlobalSection(SolutionConfigurationPlatforms) = preSolution
		Debug|Any CPU = Debug|Any CPU
		Release|Any CPU = Release|Any CPU
	EndGlobalSection
	GlobalSection(ProjectConfigurationPlatforms) = postSolution
		{75188E02-146A-400B-93CE-59FE216FE16F}.Debug|Any CPU.ActiveCfg = Debug|Any CPU
		{75188E02-146A-400B-93CE-59FE216FE16F}.Debug|Any CPU.Build.0 = Debug|Any CPU
		{75188E02-146A-400B-93CE-59FE216FE16F}.Release|Any CPU.ActiveCfg = Release|Any CPU
		{75188E02-146A-400B-93CE-59FE216FE16F}.Release|Any CPU.Build.0 = Release|Any CPU
	EndGlobalSection
	GlobalSection(SolutionProperties) = preSolution
		HideSolutionNode = FALSE
	EndGlobalSection
	GlobalSection(ExtensibilityGlobals) = postSolution
		SolutionGuid = {D7ACF234-D70C-46F8-BCF0-DE6337314269}
	EndGlobalSection
EndGlobal
